// !$*UTF8*$!
{
	archiveVersion = 1;
	classes = {
	};
	objectVersion = 50;
	objects = {

/* Begin PBXBuildFile section */
		24199EF325D8640900C5165C /* AppDelegate.swift in Sources */ = {isa = PBXBuildFile; fileRef = 24199EF225D8640900C5165C /* AppDelegate.swift */; };
		24199EF525D8640900C5165C /* SceneDelegate.swift in Sources */ = {isa = PBXBuildFile; fileRef = 24199EF425D8640900C5165C /* SceneDelegate.swift */; };
		24199EF725D8640900C5165C /* ViewController.swift in Sources */ = {isa = PBXBuildFile; fileRef = 24199EF625D8640900C5165C /* ViewController.swift */; };
		24199EFA25D8640900C5165C /* Main.storyboard in Resources */ = {isa = PBXBuildFile; fileRef = 24199EF825D8640900C5165C /* Main.storyboard */; };
		24199EFC25D8640A00C5165C /* Assets.xcassets in Resources */ = {isa = PBXBuildFile; fileRef = 24199EFB25D8640A00C5165C /* Assets.xcassets */; };
		24199EFF25D8640A00C5165C /* LaunchScreen.storyboard in Resources */ = {isa = PBXBuildFile; fileRef = 24199EFD25D8640A00C5165C /* LaunchScreen.storyboard */; };
		24199F0A25D8640A00C5165C /* Flix_App_Pt_1Tests.swift in Sources */ = {isa = PBXBuildFile; fileRef = 24199F0925D8640A00C5165C /* Flix_App_Pt_1Tests.swift */; };
		24199F1525D8640A00C5165C /* Flix_App_Pt_1UITests.swift in Sources */ = {isa = PBXBuildFile; fileRef = 24199F1425D8640A00C5165C /* Flix_App_Pt_1UITests.swift */; };
/* End PBXBuildFile section */

/* Begin PBXContainerItemProxy section */
		24199F0625D8640A00C5165C /* PBXContainerItemProxy */ = {
			isa = PBXContainerItemProxy;
			containerPortal = 24199EE725D8640900C5165C /* Project object */;
			proxyType = 1;
			remoteGlobalIDString = 24199EEE25D8640900C5165C;
			remoteInfo = "Flix App Pt 1";
		};
		24199F1125D8640A00C5165C /* PBXContainerItemProxy */ = {
			isa = PBXContainerItemProxy;
			containerPortal = 24199EE725D8640900C5165C /* Project object */;
			proxyType = 1;
			remoteGlobalIDString = 24199EEE25D8640900C5165C;
			remoteInfo = "Flix App Pt 1";
		};
/* End PBXContainerItemProxy section */

/* Begin PBXFileReference section */
		24199EEF25D8640900C5165C /* Flix App Pt 1.app */ = {isa = PBXFileReference; explicitFileType = wrapper.application; includeInIndex = 0; path = "Flix App Pt 1.app"; sourceTree = BUILT_PRODUCTS_DIR; };
		24199EF225D8640900C5165C /* AppDelegate.swift */ = {isa = PBXFileReference; lastKnownFileType = sourcecode.swift; path = AppDelegate.swift; sourceTree = "<group>"; };
		24199EF425D8640900C5165C /* SceneDelegate.swift */ = {isa = PBXFileReference; lastKnownFileType = sourcecode.swift; path = SceneDelegate.swift; sourceTree = "<group>"; };
		24199EF625D8640900C5165C /* ViewController.swift */ = {isa = PBXFileReference; lastKnownFileType = sourcecode.swift; path = ViewController.swift; sourceTree = "<group>"; };
		24199EF925D8640900C5165C /* Base */ = {isa = PBXFileReference; lastKnownFileType = file.storyboard; name = Base; path = Base.lproj/Main.storyboard; sourceTree = "<group>"; };
		24199EFB25D8640A00C5165C /* Assets.xcassets */ = {isa = PBXFileReference; lastKnownFileType = folder.assetcatalog; path = Assets.xcassets; sourceTree = "<group>"; };
		24199EFE25D8640A00C5165C /* Base */ = {isa = PBXFileReference; lastKnownFileType = file.storyboard; name = Base; path = Base.lproj/LaunchScreen.storyboard; sourceTree = "<group>"; };
		24199F0025D8640A00C5165C /* Info.plist */ = {isa = PBXFileReference; lastKnownFileType = text.plist.xml; path = Info.plist; sourceTree = "<group>"; };
		24199F0525D8640A00C5165C /* Flix App Pt 1Tests.xctest */ = {isa = PBXFileReference; explicitFileType = wrapper.cfbundle; includeInIndex = 0; path = "Flix App Pt 1Tests.xctest"; sourceTree = BUILT_PRODUCTS_DIR; };
		24199F0925D8640A00C5165C /* Flix_App_Pt_1Tests.swift */ = {isa = PBXFileReference; lastKnownFileType = sourcecode.swift; path = Flix_App_Pt_1Tests.swift; sourceTree = "<group>"; };
		24199F0B25D8640A00C5165C /* Info.plist */ = {isa = PBXFileReference; lastKnownFileType = text.plist.xml; path = Info.plist; sourceTree = "<group>"; };
		24199F1025D8640A00C5165C /* Flix App Pt 1UITests.xctest */ = {isa = PBXFileReference; explicitFileType = wrapper.cfbundle; includeInIndex = 0; path = "Flix App Pt 1UITests.xctest"; sourceTree = BUILT_PRODUCTS_DIR; };
		24199F1425D8640A00C5165C /* Flix_App_Pt_1UITests.swift */ = {isa = PBXFileReference; lastKnownFileType = sourcecode.swift; path = Flix_App_Pt_1UITests.swift; sourceTree = "<group>"; };
		24199F1625D8640A00C5165C /* Info.plist */ = {isa = PBXFileReference; lastKnownFileType = text.plist.xml; path = Info.plist; sourceTree = "<group>"; };
/* End PBXFileReference section */

/* Begin PBXFrameworksBuildPhase section */
		24199EEC25D8640900C5165C /* Frameworks */ = {
			isa = PBXFrameworksBuildPhase;
			buildActionMask = 2147483647;
			files = (
			);
			runOnlyForDeploymentPostprocessing = 0;
		};
		24199F0225D8640A00C5165C /* Frameworks */ = {
			isa = PBXFrameworksBuildPhase;
			buildActionMask = 2147483647;
			files = (
			);
			runOnlyForDeploymentPostprocessing = 0;
		};
		24199F0D25D8640A00C5165C /* Frameworks */ = {
			isa = PBXFrameworksBuildPhase;
			buildActionMask = 2147483647;
			files = (
			);
			runOnlyForDeploymentPostprocessing = 0;
		};
/* End PBXFrameworksBuildPhase section */

/* Begin PBXGroup section */
		24199EE625D8640900C5165C = {
			isa = PBXGroup;
			children = (
				24199EF125D8640900C5165C /* Flix App Pt 1 */,
				24199F0825D8640A00C5165C /* Flix App Pt 1Tests */,
				24199F1325D8640A00C5165C /* Flix App Pt 1UITests */,
				24199EF025D8640900C5165C /* Products */,
			);
			sourceTree = "<group>";
		};
		24199EF025D8640900C5165C /* Products */ = {
			isa = PBXGroup;
			children = (
				24199EEF25D8640900C5165C /* Flix App Pt 1.app */,
				24199F0525D8640A00C5165C /* Flix App Pt 1Tests.xctest */,
				24199F1025D8640A00C5165C /* Flix App Pt 1UITests.xctest */,
			);
			name = Products;
			sourceTree = "<group>";
		};
		24199EF125D8640900C5165C /* Flix App Pt 1 */ = {
			isa = PBXGroup;
			children = (
				24199EF225D8640900C5165C /* AppDelegate.swift */,
				24199EF425D8640900C5165C /* SceneDelegate.swift */,
				24199EF625D8640900C5165C /* ViewController.swift */,
				24199EF825D8640900C5165C /* Main.storyboard */,
				24199EFB25D8640A00C5165C /* Assets.xcassets */,
				24199EFD25D8640A00C5165C /* LaunchScreen.storyboard */,
				24199F0025D8640A00C5165C /* Info.plist */,
			);
			path = "Flix App Pt 1";
			sourceTree = "<group>";
		};
		24199F0825D8640A00C5165C /* Flix App Pt 1Tests */ = {
			isa = PBXGroup;
			children = (
				24199F0925D8640A00C5165C /* Flix_App_Pt_1Tests.swift */,
				24199F0B25D8640A00C5165C /* Info.plist */,
			);
			path = "Flix App Pt 1Tests";
			sourceTree = "<group>";
		};
		24199F1325D8640A00C5165C /* Flix App Pt 1UITests */ = {
			isa = PBXGroup;
			children = (
				24199F1425D8640A00C5165C /* Flix_App_Pt_1UITests.swift */,
				24199F1625D8640A00C5165C /* Info.plist */,
			);
			path = "Flix App Pt 1UITests";
			sourceTree = "<group>";
		};
/* End PBXGroup section */

/* Begin PBXNativeTarget section */
		24199EEE25D8640900C5165C /* Flix App Pt 1 */ = {
			isa = PBXNativeTarget;
			buildConfigurationList = 24199F1925D8640A00C5165C /* Build configuration list for PBXNativeTarget "Flix App Pt 1" */;
			buildPhases = (
				24199EEB25D8640900C5165C /* Sources */,
				24199EEC25D8640900C5165C /* Frameworks */,
				24199EED25D8640900C5165C /* Resources */,
			);
			buildRules = (
			);
			dependencies = (
			);
			name = "Flix App Pt 1";
			productName = "Flix App Pt 1";
			productReference = 24199EEF25D8640900C5165C /* Flix App Pt 1.app */;
			productType = "com.apple.product-type.application";
		};
		24199F0425D8640A00C5165C /* Flix App Pt 1Tests */ = {
			isa = PBXNativeTarget;
			buildConfigurationList = 24199F1C25D8640A00C5165C /* Build configuration list for PBXNativeTarget "Flix App Pt 1Tests" */;
			buildPhases = (
				24199F0125D8640A00C5165C /* Sources */,
				24199F0225D8640A00C5165C /* Frameworks */,
				24199F0325D8640A00C5165C /* Resources */,
			);
			buildRules = (
			);
			dependencies = (
				24199F0725D8640A00C5165C /* PBXTargetDependency */,
			);
			name = "Flix App Pt 1Tests";
			productName = "Flix App Pt 1Tests";
			productReference = 24199F0525D8640A00C5165C /* Flix App Pt 1Tests.xctest */;
			productType = "com.apple.product-type.bundle.unit-test";
		};
		24199F0F25D8640A00C5165C /* Flix App Pt 1UITests */ = {
			isa = PBXNativeTarget;
			buildConfigurationList = 24199F1F25D8640A00C5165C /* Build configuration list for PBXNativeTarget "Flix App Pt 1UITests" */;
			buildPhases = (
				24199F0C25D8640A00C5165C /* Sources */,
				24199F0D25D8640A00C5165C /* Frameworks */,
				24199F0E25D8640A00C5165C /* Resources */,
			);
			buildRules = (
			);
			dependencies = (
				24199F1225D8640A00C5165C /* PBXTargetDependency */,
			);
			name = "Flix App Pt 1UITests";
			productName = "Flix App Pt 1UITests";
			productReference = 24199F1025D8640A00C5165C /* Flix App Pt 1UITests.xctest */;
			productType = "com.apple.product-type.bundle.ui-testing";
		};
/* End PBXNativeTarget section */

/* Begin PBXProject section */
		24199EE725D8640900C5165C /* Project object */ = {
			isa = PBXProject;
			attributes = {
				LastSwiftUpdateCheck = 1240;
				LastUpgradeCheck = 1240;
				TargetAttributes = {
					24199EEE25D8640900C5165C = {
						CreatedOnToolsVersion = 12.4;
					};
					24199F0425D8640A00C5165C = {
						CreatedOnToolsVersion = 12.4;
						TestTargetID = 24199EEE25D8640900C5165C;
					};
					24199F0F25D8640A00C5165C = {
						CreatedOnToolsVersion = 12.4;
						TestTargetID = 24199EEE25D8640900C5165C;
					};
				};
			};
			buildConfigurationList = 24199EEA25D8640900C5165C /* Build configuration list for PBXProject "Flix App Pt 1" */;
			compatibilityVersion = "Xcode 9.3";
			developmentRegion = en;
			hasScannedForEncodings = 0;
			knownRegions = (
				en,
				Base,
			);
			mainGroup = 24199EE625D8640900C5165C;
			productRefGroup = 24199EF025D8640900C5165C /* Products */;
			projectDirPath = "";
			projectRoot = "";
			targets = (
				24199EEE25D8640900C5165C /* Flix App Pt 1 */,
				24199F0425D8640A00C5165C /* Flix App Pt 1Tests */,
				24199F0F25D8640A00C5165C /* Flix App Pt 1UITests */,
			);
		};
/* End PBXProject section */

/* Begin PBXResourcesBuildPhase section */
		24199EED25D8640900C5165C /* Resources */ = {
			isa = PBXResourcesBuildPhase;
			buildActionMask = 2147483647;
			files = (
				24199EFF25D8640A00C5165C /* LaunchScreen.storyboard in Resources */,
				24199EFC25D8640A00C5165C /* Assets.xcassets in Resources */,
				24199EFA25D8640900C5165C /* Main.storyboard in Resources */,
			);
			runOnlyForDeploymentPostprocessing = 0;
		};
		24199F0325D8640A00C5165C /* Resources */ = {
			isa = PBXResourcesBuildPhase;
			buildActionMask = 2147483647;
			files = (
			);
			runOnlyForDeploymentPostprocessing = 0;
		};
		24199F0E25D8640A00C5165C /* Resources */ = {
			isa = PBXResourcesBuildPhase;
			buildActionMask = 2147483647;
			files = (
			);
			runOnlyForDeploymentPostprocessing = 0;
		};
/* End PBXResourcesBuildPhase section */

/* Begin PBXSourcesBuildPhase section */
		24199EEB25D8640900C5165C /* Sources */ = {
			isa = PBXSourcesBuildPhase;
			buildActionMask = 2147483647;
			files = (
				24199EF725D8640900C5165C /* ViewController.swift in Sources */,
				24199EF325D8640900C5165C /* AppDelegate.swift in Sources */,
				24199EF525D8640900C5165C /* SceneDelegate.swift in Sources */,
			);
			runOnlyForDeploymentPostprocessing = 0;
		};
		24199F0125D8640A00C5165C /* Sources */ = {
			isa = PBXSourcesBuildPhase;
			buildActionMask = 2147483647;
			files = (
				24199F0A25D8640A00C5165C /* Flix_App_Pt_1Tests.swift in Sources */,
			);
			runOnlyForDeploymentPostprocessing = 0;
		};
		24199F0C25D8640A00C5165C /* Sources */ = {
			isa = PBXSourcesBuildPhase;
			buildActionMask = 2147483647;
			files = (
				24199F1525D8640A00C5165C /* Flix_App_Pt_1UITests.swift in Sources */,
			);
			runOnlyForDeploymentPostprocessing = 0;
		};
/* End PBXSourcesBuildPhase section */

/* Begin PBXTargetDependency section */
		24199F0725D8640A00C5165C /* PBXTargetDependency */ = {
			isa = PBXTargetDependency;
			target = 24199EEE25D8640900C5165C /* Flix App Pt 1 */;
			targetProxy = 24199F0625D8640A00C5165C /* PBXContainerItemProxy */;
		};
		24199F1225D8640A00C5165C /* PBXTargetDependency */ = {
			isa = PBXTargetDependency;
			target = 24199EEE25D8640900C5165C /* Flix App Pt 1 */;
			targetProxy = 24199F1125D8640A00C5165C /* PBXContainerItemProxy */;
		};
/* End PBXTargetDependency section */

/* Begin PBXVariantGroup section */
		24199EF825D8640900C5165C /* Main.storyboard */ = {
			isa = PBXVariantGroup;
			children = (
				24199EF925D8640900C5165C /* Base */,
			);
			name = Main.storyboard;
			sourceTree = "<group>";
		};
		24199EFD25D8640A00C5165C /* LaunchScreen.storyboard */ = {
			isa = PBXVariantGroup;
			children = (
				24199EFE25D8640A00C5165C /* Base */,
			);
			name = LaunchScreen.storyboard;
			sourceTree = "<group>";
		};
/* End PBXVariantGroup section */

/* Begin XCBuildConfiguration section */
		24199F1725D8640A00C5165C /* Debug */ = {
			isa = XCBuildConfiguration;
			buildSettings = {
				ALWAYS_SEARCH_USER_PATHS = NO;
				CLANG_ANALYZER_NONNULL = YES;
				CLANG_ANALYZER_NUMBER_OBJECT_CONVERSION = YES_AGGRESSIVE;
				CLANG_CXX_LANGUAGE_STANDARD = "gnu++14";
				CLANG_CXX_LIBRARY = "libc++";
				CLANG_ENABLE_MODULES = YES;
				CLANG_ENABLE_OBJC_ARC = YES;
				CLANG_ENABLE_OBJC_WEAK = YES;
				CLANG_WARN_BLOCK_CAPTURE_AUTORELEASING = YES;
				CLANG_WARN_BOOL_CONVERSION = YES;
				CLANG_WARN_COMMA = YES;
				CLANG_WARN_CONSTANT_CONVERSION = YES;
				CLANG_WARN_DEPRECATED_OBJC_IMPLEMENTATIONS = YES;
				CLANG_WARN_DIRECT_OBJC_ISA_USAGE = YES_ERROR;
				CLANG_WARN_DOCUMENTATION_COMMENTS = YES;
				CLANG_WARN_EMPTY_BODY = YES;
				CLANG_WARN_ENUM_CONVERSION = YES;
				CLANG_WARN_INFINITE_RECURSION = YES;
				CLANG_WARN_INT_CONVERSION = YES;
				CLANG_WARN_NON_LITERAL_NULL_CONVERSION = YES;
				CLANG_WARN_OBJC_IMPLICIT_RETAIN_SELF = YES;
				CLANG_WARN_OBJC_LITERAL_CONVERSION = YES;
				CLANG_WARN_OBJC_ROOT_CLASS = YES_ERROR;
				CLANG_WARN_QUOTED_INCLUDE_IN_FRAMEWORK_HEADER = YES;
				CLANG_WARN_RANGE_LOOP_ANALYSIS = YES;
				CLANG_WARN_STRICT_PROTOTYPES = YES;
				CLANG_WARN_SUSPICIOUS_MOVE = YES;
				CLANG_WARN_UNGUARDED_AVAILABILITY = YES_AGGRESSIVE;
				CLANG_WARN_UNREACHABLE_CODE = YES;
				CLANG_WARN__DUPLICATE_METHOD_MATCH = YES;
				COPY_PHASE_STRIP = NO;
				DEBUG_INFORMATION_FORMAT = dwarf;
				ENABLE_STRICT_OBJC_MSGSEND = YES;
				ENABLE_TESTABILITY = YES;
				GCC_C_LANGUAGE_STANDARD = gnu11;
				GCC_DYNAMIC_NO_PIC = NO;
				GCC_NO_COMMON_BLOCKS = YES;
				GCC_OPTIMIZATION_LEVEL = 0;
				GCC_PREPROCESSOR_DEFINITIONS = (
					"DEBUG=1",
					"$(inherited)",
				);
				GCC_WARN_64_TO_32_BIT_CONVERSION = YES;
				GCC_WARN_ABOUT_RETURN_TYPE = YES_ERROR;
				GCC_WARN_UNDECLARED_SELECTOR = YES;
				GCC_WARN_UNINITIALIZED_AUTOS = YES_AGGRESSIVE;
				GCC_WARN_UNUSED_FUNCTION = YES;
				GCC_WARN_UNUSED_VARIABLE = YES;
				IPHONEOS_DEPLOYMENT_TARGET = 14.4;
				MTL_ENABLE_DEBUG_INFO = INCLUDE_SOURCE;
				MTL_FAST_MATH = YES;
				ONLY_ACTIVE_ARCH = YES;
				SDKROOT = iphoneos;
				SWIFT_ACTIVE_COMPILATION_CONDITIONS = DEBUG;
				SWIFT_OPTIMIZATION_LEVEL = "-Onone";
			};
			name = Debug;
		};
		24199F1825D8640A00C5165C /* Release */ = {
			isa = XCBuildConfiguration;
			buildSettings = {
				ALWAYS_SEARCH_USER_PATHS = NO;
				CLANG_ANALYZER_NONNULL = YES;
				CLANG_ANALYZER_NUMBER_OBJECT_CONVERSION = YES_AGGRESSIVE;
				CLANG_CXX_LANGUAGE_STANDARD = "gnu++14";
				CLANG_CXX_LIBRARY = "libc++";
				CLANG_ENABLE_MODULES = YES;
				CLANG_ENABLE_OBJC_ARC = YES;
				CLANG_ENABLE_OBJC_WEAK = YES;
				CLANG_WARN_BLOCK_CAPTURE_AUTORELEASING = YES;
				CLANG_WARN_BOOL_CONVERSION = YES;
				CLANG_WARN_COMMA = YES;
				CLANG_WARN_CONSTANT_CONVERSION = YES;
				CLANG_WARN_DEPRECATED_OBJC_IMPLEMENTATIONS = YES;
				CLANG_WARN_DIRECT_OBJC_ISA_USAGE = YES_ERROR;
				CLANG_WARN_DOCUMENTATION_COMMENTS = YES;
				CLANG_WARN_EMPTY_BODY = YES;
				CLANG_WARN_ENUM_CONVERSION = YES;
				CLANG_WARN_INFINITE_RECURSION = YES;
				CLANG_WARN_INT_CONVERSION = YES;
				CLANG_WARN_NON_LITERAL_NULL_CONVERSION = YES;
				CLANG_WARN_OBJC_IMPLICIT_RETAIN_SELF = YES;
				CLANG_WARN_OBJC_LITERAL_CONVERSION = YES;
				CLANG_WARN_OBJC_ROOT_CLASS = YES_ERROR;
				CLANG_WARN_QUOTED_INCLUDE_IN_FRAMEWORK_HEADER = YES;
				CLANG_WARN_RANGE_LOOP_ANALYSIS = YES;
				CLANG_WARN_STRICT_PROTOTYPES = YES;
				CLANG_WARN_SUSPICIOUS_MOVE = YES;
				CLANG_WARN_UNGUARDED_AVAILABILITY = YES_AGGRESSIVE;
				CLANG_WARN_UNREACHABLE_CODE = YES;
				CLANG_WARN__DUPLICATE_METHOD_MATCH = YES;
				COPY_PHASE_STRIP = NO;
				DEBUG_INFORMATION_FORMAT = "dwarf-with-dsym";
				ENABLE_NS_ASSERTIONS = NO;
				ENABLE_STRICT_OBJC_MSGSEND = YES;
				GCC_C_LANGUAGE_STANDARD = gnu11;
				GCC_NO_COMMON_BLOCKS = YES;
				GCC_WARN_64_TO_32_BIT_CONVERSION = YES;
				GCC_WARN_ABOUT_RETURN_TYPE = YES_ERROR;
				GCC_WARN_UNDECLARED_SELECTOR = YES;
				GCC_WARN_UNINITIALIZED_AUTOS = YES_AGGRESSIVE;
				GCC_WARN_UNUSED_FUNCTION = YES;
				GCC_WARN_UNUSED_VARIABLE = YES;
				IPHONEOS_DEPLOYMENT_TARGET = 14.4;
				MTL_ENABLE_DEBUG_INFO = NO;
				MTL_FAST_MATH = YES;
				SDKROOT = iphoneos;
				SWIFT_COMPILATION_MODE = wholemodule;
				SWIFT_OPTIMIZATION_LEVEL = "-O";
				VALIDATE_PRODUCT = YES;
			};
			name = Release;
		};
		24199F1A25D8640A00C5165C /* Debug */ = {
			isa = XCBuildConfiguration;
			buildSettings = {
				ASSETCATALOG_COMPILER_APPICON_NAME = AppIcon;
				ASSETCATALOG_COMPILER_GLOBAL_ACCENT_COLOR_NAME = AccentColor;
				CODE_SIGN_STYLE = Automatic;
				INFOPLIST_FILE = "Flix App Pt 1/Info.plist";
				LD_RUNPATH_SEARCH_PATHS = (
					"$(inherited)",
					"@executable_path/Frameworks",
				);
				PRODUCT_BUNDLE_IDENTIFIER = "memo.Flix-App-Pt-1";
				PRODUCT_NAME = "$(TARGET_NAME)";
				SWIFT_VERSION = 5.0;
				TARGETED_DEVICE_FAMILY = "1,2";
			};
			name = Debug;
		};
		24199F1B25D8640A00C5165C /* Release */ = {
			isa = XCBuildConfiguration;
			buildSettings = {
				ASSETCATALOG_COMPILER_APPICON_NAME = AppIcon;
				ASSETCATALOG_COMPILER_GLOBAL_ACCENT_COLOR_NAME = AccentColor;
				CODE_SIGN_STYLE = Automatic;
				INFOPLIST_FILE = "Flix App Pt 1/Info.plist";
				LD_RUNPATH_SEARCH_PATHS = (
					"$(inherited)",
					"@executable_path/Frameworks",
				);
				PRODUCT_BUNDLE_IDENTIFIER = "memo.Flix-App-Pt-1";
				PRODUCT_NAME = "$(TARGET_NAME)";
				SWIFT_VERSION = 5.0;
				TARGETED_DEVICE_FAMILY = "1,2";
			};
			name = Release;
		};
		24199F1D25D8640A00C5165C /* Debug */ = {
			isa = XCBuildConfiguration;
			buildSettings = {
				ALWAYS_EMBED_SWIFT_STANDARD_LIBRARIES = YES;
				BUNDLE_LOADER = "$(TEST_HOST)";
				CODE_SIGN_STYLE = Automatic;
				INFOPLIST_FILE = "Flix App Pt 1Tests/Info.plist";
				IPHONEOS_DEPLOYMENT_TARGET = 14.4;
				LD_RUNPATH_SEARCH_PATHS = (
					"$(inherited)",
					"@executable_path/Frameworks",
					"@loader_path/Frameworks",
				);
				PRODUCT_BUNDLE_IDENTIFIER = "memo.Flix-App-Pt-1Tests";
				PRODUCT_NAME = "$(TARGET_NAME)";
				SWIFT_VERSION = 5.0;
				TARGETED_DEVICE_FAMILY = "1,2";
				TEST_HOST = "$(BUILT_PRODUCTS_DIR)/Flix App Pt 1.app/Flix App Pt 1";
			};
			name = Debug;
		};
		24199F1E25D8640A00C5165C /* Release */ = {
			isa = XCBuildConfiguration;
			buildSettings = {
				ALWAYS_EMBED_SWIFT_STANDARD_LIBRARIES = YES;
				BUNDLE_LOADER = "$(TEST_HOST)";
				CODE_SIGN_STYLE = Automatic;
				INFOPLIST_FILE = "Flix App Pt 1Tests/Info.plist";
				IPHONEOS_DEPLOYMENT_TARGET = 14.4;
				LD_RUNPATH_SEARCH_PATHS = (
					"$(inherited)",
					"@executable_path/Frameworks",
					"@loader_path/Frameworks",
				);
				PRODUCT_BUNDLE_IDENTIFIER = "memo.Flix-App-Pt-1Tests";
				PRODUCT_NAME = "$(TARGET_NAME)";
				SWIFT_VERSION = 5.0;
				TARGETED_DEVICE_FAMILY = "1,2";
				TEST_HOST = "$(BUILT_PRODUCTS_DIR)/Flix App Pt 1.app/Flix App Pt 1";
			};
			name = Release;
		};
		24199F2025D8640A00C5165C /* Debug */ = {
			isa = XCBuildConfiguration;
			buildSettings = {
				ALWAYS_EMBED_SWIFT_STANDARD_LIBRARIES = YES;
				CODE_SIGN_STYLE = Automatic;
				INFOPLIST_FILE = "Flix App Pt 1UITests/Info.plist";
				LD_RUNPATH_SEARCH_PATHS = (
					"$(inherited)",
					"@executable_path/Frameworks",
					"@loader_path/Frameworks",
				);
				PRODUCT_BUNDLE_IDENTIFIER = "memo.Flix-App-Pt-1UITests";
				PRODUCT_NAME = "$(TARGET_NAME)";
				SWIFT_VERSION = 5.0;
				TARGETED_DEVICE_FAMILY = "1,2";
				TEST_TARGET_NAME = "Flix App Pt 1";
			};
			name = Debug;
		};
		24199F2125D8640A00C5165C /* Release */ = {
			isa = XCBuildConfiguration;
			buildSettings = {
				ALWAYS_EMBED_SWIFT_STANDARD_LIBRARIES = YES;
				CODE_SIGN_STYLE = Automatic;
				INFOPLIST_FILE = "Flix App Pt 1UITests/Info.plist";
				LD_RUNPATH_SEARCH_PATHS = (
					"$(inherited)",
					"@executable_path/Frameworks",
					"@loader_path/Frameworks",
				);
				PRODUCT_BUNDLE_IDENTIFIER = "memo.Flix-App-Pt-1UITests";
				PRODUCT_NAME = "$(TARGET_NAME)";
				SWIFT_VERSION = 5.0;
				TARGETED_DEVICE_FAMILY = "1,2";
				TEST_TARGET_NAME = "Flix App Pt 1";
			};
			name = Release;
		};
/* End XCBuildConfiguration section */

/* Begin XCConfigurationList section */
		24199EEA25D8640900C5165C /* Build configuration list for PBXProject "Flix App Pt 1" */ = {
			isa = XCConfigurationList;
			buildConfigurations = (
				24199F1725D8640A00C5165C /* Debug */,
				24199F1825D8640A00C5165C /* Release */,
			);
			defaultConfigurationIsVisible = 0;
			defaultConfigurationName = Release;
		};
		24199F1925D8640A00C5165C /* Build configuration list for PBXNativeTarget "Flix App Pt 1" */ = {
			isa = XCConfigurationList;
			buildConfigurations = (
				24199F1A25D8640A00C5165C /* Debug */,
				24199F1B25D8640A00C5165C /* Release */,
			);
			defaultConfigurationIsVisible = 0;
			defaultConfigurationName = Release;
		};
		24199F1C25D8640A00C5165C /* Build configuration list for PBXNativeTarget "Flix App Pt 1Tests" */ = {
			isa = XCConfigurationList;
			buildConfigurations = (
				24199F1D25D8640A00C5165C /* Debug */,
				24199F1E25D8640A00C5165C /* Release */,
			);
			defaultConfigurationIsVisible = 0;
			defaultConfigurationName = Release;
		};
		24199F1F25D8640A00C5165C /* Build configuration list for PBXNativeTarget "Flix App Pt 1UITests" */ = {
			isa = XCConfigurationList;
			buildConfigurations = (
				24199F2025D8640A00C5165C /* Debug */,
				24199F2125D8640A00C5165C /* Release */,
			);
			defaultConfigurationIsVisible = 0;
			defaultConfigurationName = Release;
		};
/* End XCConfigurationList section */
	};
	rootObject = 24199EE725D8640900C5165C /* Project object */;
}
